{
  "version": "4",
  "specifiers": {
    "jsr:@std/assert@1": "1.0.8",
    "jsr:@std/internal@^1.0.5": "1.0.5",
    "jsr:@std/yaml@1": "1.0.5",
    "npm:@types/node@*": "22.5.4",
    "npm:discord.js@*": "14.16.3",
    "npm:node-json-db@*": "2.3.0",
    "npm:sequelize@*": "6.37.5"
  },
  "jsr": {
    "@std/assert@1.0.8": {
      "integrity": "ebe0bd7eb488ee39686f77003992f389a06c3da1bbd8022184804852b2fa641b",
      "dependencies": [
        "jsr:@std/internal"
      ]
    },
    "@std/internal@1.0.5": {
      "integrity": "54a546004f769c1ac9e025abd15a76b6671ddc9687e2313b67376125650dc7ba"
    },
    "@std/yaml@1.0.5": {
      "integrity": "71ba3d334305ee2149391931508b2c293a8490f94a337eef3a09cade1a2a2742"
    }
  },
  "npm": {
    "@discordjs/builders@1.9.0": {
      "integrity": "sha512-0zx8DePNVvQibh5ly5kCEei5wtPBIUbSoE9n+91Rlladz4tgtFbJ36PZMxxZrTEOQ7AHMZ/b0crT/0fCy6FTKg==",
      "dependencies": [
        "@discordjs/formatters",
        "@discordjs/util",
        "@sapphire/shapeshift",
        "discord-api-types@0.37.97",
        "fast-deep-equal",
        "ts-mixer",
        "tslib"
      ]
    },
    "@discordjs/collection@1.5.3": {
      "integrity": "sha512-SVb428OMd3WO1paV3rm6tSjM4wC+Kecaa1EUGX7vc6/fddvw/6lg90z4QtCqm21zvVe92vMMDt9+DkIvjXImQQ=="
    },
    "@discordjs/collection@2.1.1": {
      "integrity": "sha512-LiSusze9Tc7qF03sLCujF5iZp7K+vRNEDBZ86FT9aQAv3vxMLihUvKvpsCWiQ2DJq1tVckopKm1rxomgNUc9hg=="
    },
    "@discordjs/formatters@0.5.0": {
      "integrity": "sha512-98b3i+Y19RFq1Xke4NkVY46x8KjJQjldHUuEbCqMvp1F5Iq9HgnGpu91jOi/Ufazhty32eRsKnnzS8n4c+L93g==",
      "dependencies": [
        "discord-api-types@0.37.97"
      ]
    },
    "@discordjs/rest@2.4.0": {
      "integrity": "sha512-Xb2irDqNcq+O8F0/k/NaDp7+t091p+acb51iA4bCKfIn+WFWd6HrNvcsSbMMxIR9NjcMZS6NReTKygqiQN+ntw==",
      "dependencies": [
        "@discordjs/collection@2.1.1",
        "@discordjs/util",
        "@sapphire/async-queue",
        "@sapphire/snowflake",
        "@vladfrangu/async_event_emitter",
        "discord-api-types@0.37.97",
        "magic-bytes.js",
        "tslib",
        "undici"
      ]
    },
    "@discordjs/util@1.1.1": {
      "integrity": "sha512-eddz6UnOBEB1oITPinyrB2Pttej49M9FZQY8NxgEvc3tq6ZICZ19m70RsmzRdDHk80O9NoYN/25AqJl8vPVf/g=="
    },
    "@discordjs/ws@1.1.1": {
      "integrity": "sha512-PZ+vLpxGCRtmr2RMkqh8Zp+BenUaJqlS6xhgWKEZcgC/vfHLEzpHtKkB0sl3nZWpwtcKk6YWy+pU3okL2I97FA==",
      "dependencies": [
        "@discordjs/collection@2.1.1",
        "@discordjs/rest",
        "@discordjs/util",
        "@sapphire/async-queue",
        "@types/ws",
        "@vladfrangu/async_event_emitter",
        "discord-api-types@0.37.83",
        "tslib",
        "ws"
      ]
    },
    "@sapphire/async-queue@1.5.5": {
      "integrity": "sha512-cvGzxbba6sav2zZkH8GPf2oGk9yYoD5qrNWdu9fRehifgnFZJMV+nuy2nON2roRO4yQQ+v7MK/Pktl/HgfsUXg=="
    },
    "@sapphire/shapeshift@4.0.0": {
      "integrity": "sha512-d9dUmWVA7MMiKobL3VpLF8P2aeanRTu6ypG2OIaEv/ZHH/SUQ2iHOVyi5wAPjQ+HmnMuL0whK9ez8I/raWbtIg==",
      "dependencies": [
        "fast-deep-equal",
        "lodash"
      ]
    },
    "@sapphire/snowflake@3.5.3": {
      "integrity": "sha512-jjmJywLAFoWeBi1W7994zZyiNWPIiqRRNAmSERxyg93xRGzNYvGjlZ0gR6x0F4gPRi2+0O6S71kOZYyr3cxaIQ=="
    },
    "@types/debug@4.1.12": {
      "integrity": "sha512-vIChWdVG3LG1SMxEvI/AK+FWJthlrqlTu7fbrlywTkkaONwk/UAGaULXRlf8vkzFBLVm0zkMdCquhL5aOjhXPQ==",
      "dependencies": [
        "@types/ms"
      ]
    },
    "@types/ms@0.7.34": {
      "integrity": "sha512-nG96G3Wp6acyAgJqGasjODb+acrI7KltPiRxzHPXnP3NgI28bpQDRv53olbqGXbfcgF5aiiHmO3xpwEpS5Ld9g=="
    },
    "@types/node@22.5.4": {
      "integrity": "sha512-FDuKUJQm/ju9fT/SeX/6+gBzoPzlVCzfzmGkwKvRHQVxi4BntVbyIwf6a4Xn62mrvndLiml6z/UBXIdEVjQLXg==",
      "dependencies": [
        "undici-types"
      ]
    },
    "@types/validator@13.12.2": {
      "integrity": "sha512-6SlHBzUW8Jhf3liqrGGXyTJSIFe4nqlJ5A5KaMZ2l/vbM3Wh3KSybots/wfWVzNLK4D1NZluDlSQIbIEPx6oyA=="
    },
    "@types/ws@8.5.13": {
      "integrity": "sha512-osM/gWBTPKgHV8XkTunnegTRIsvF6owmf5w+JtAfOw472dptdm0dlGv4xCt6GwQRcC2XVOvvRE/0bAoQcL2QkA==",
      "dependencies": [
        "@types/node"
      ]
    },
    "@vladfrangu/async_event_emitter@2.4.6": {
      "integrity": "sha512-RaI5qZo6D2CVS6sTHFKg1v5Ohq/+Bo2LZ5gzUEwZ/WkHhwtGTCB/sVLw8ijOkAUxasZ+WshN/Rzj4ywsABJ5ZA=="
    },
    "debug@4.3.7": {
      "integrity": "sha512-Er2nc/H7RrMXZBFCEim6TCmMk02Z8vLC2Rbi1KEBggpo0fS6l0S1nnapwmIi3yW/+GOJap1Krg4w0Hg80oCqgQ==",
      "dependencies": [
        "ms"
      ]
    },
    "discord-api-types@0.37.100": {
      "integrity": "sha512-a8zvUI0GYYwDtScfRd/TtaNBDTXwP5DiDVX7K5OmE+DRT57gBqKnwtOC5Ol8z0mRW8KQfETIgiB8U0YZ9NXiCA=="
    },
    "discord-api-types@0.37.83": {
      "integrity": "sha512-urGGYeWtWNYMKnYlZnOnDHm8fVRffQs3U0SpE8RHeiuLKb/u92APS8HoQnPTFbnXmY1vVnXjXO4dOxcAn3J+DA=="
    },
    "discord-api-types@0.37.97": {
      "integrity": "sha512-No1BXPcVkyVD4ZVmbNgDKaBoqgeQ+FJpzZ8wqHkfmBnTZig1FcH3iPPersiK1TUIAzgClh2IvOuVUYfcWLQAOA=="
    },
    "discord.js@14.16.3": {
      "integrity": "sha512-EPCWE9OkA9DnFFNrO7Kl1WHHDYFXu3CNVFJg63bfU7hVtjZGyhShwZtSBImINQRWxWP2tgo2XI+QhdXx28r0aA==",
      "dependencies": [
        "@discordjs/builders",
        "@discordjs/collection@1.5.3",
        "@discordjs/formatters",
        "@discordjs/rest",
        "@discordjs/util",
        "@discordjs/ws",
        "@sapphire/snowflake",
        "discord-api-types@0.37.100",
        "fast-deep-equal",
        "lodash.snakecase",
        "tslib",
        "undici"
      ]
    },
    "dottie@2.0.6": {
      "integrity": "sha512-iGCHkfUc5kFekGiqhe8B/mdaurD+lakO9txNnTvKtA6PISrw86LgqHvRzWYPyoE2Ph5aMIrCw9/uko6XHTKCwA=="
    },
    "fast-deep-equal@3.1.3": {
      "integrity": "sha512-f3qQ9oQy9j2AhBe/H9VC91wLmKBCCU/gDOnKNAYG5hswO7BLKj09Hc5HYNz9cGI++xlpDCIgDaitVs03ATR84Q=="
    },
    "inflection@1.13.4": {
      "integrity": "sha512-6I/HUDeYFfuNCVS3td055BaXBwKYuzw7K3ExVMStBowKo9oOAMJIXIHvdyR3iboTCp1b+1i5DSkIZTcwIktuDw=="
    },
    "lodash.snakecase@4.1.1": {
      "integrity": "sha512-QZ1d4xoBHYUeuouhEq3lk3Uq7ldgyFXGBhg04+oRLnIz8o9T65Eh+8YdroUwn846zchkA9yDsDl5CVVaV2nqYw=="
    },
    "lodash@4.17.21": {
      "integrity": "sha512-v2kDEe57lecTulaDIuNTPy3Ry4gLGJ6Z1O3vE1krgXZNrsQ+LFTGHVxVjcXPs17LhbZVGedAJv8XZ1tvj5FvSg=="
    },
    "magic-bytes.js@1.10.0": {
      "integrity": "sha512-/k20Lg2q8LE5xiaaSkMXk4sfvI+9EGEykFS4b0CHHGWqDYU0bGUFSwchNOMA56D7TCs9GwVTkqe9als1/ns8UQ=="
    },
    "moment-timezone@0.5.46": {
      "integrity": "sha512-ZXm9b36esbe7OmdABqIWJuBBiLLwAjrN7CE+7sYdCCx82Nabt1wHDj8TVseS59QIlfFPbOoiBPm6ca9BioG4hw==",
      "dependencies": [
        "moment"
      ]
    },
    "moment@2.30.1": {
      "integrity": "sha512-uEmtNhbDOrWPFS+hdjFCBfy9f2YoyzRpwcl+DqpC6taX21FzsTLQVbMV/W7PzNSX6x/bhC1zA3c2UQ5NzH6how=="
    },
    "ms@2.1.3": {
      "integrity": "sha512-6FlzubTLZG3J2a/NVCAleEhjzq5oxgHyaCU9yYXvcLsvoVaHJq/s5xXI6/XXP6tz7R9xAOtHnSO/tXtF3WRTlA=="
    },
    "node-json-db@2.3.0": {
      "integrity": "sha512-B8T+w4q6zXZ20YcfQINLSjMGgImRKzkvR0ShYYoNRdLxtMhVvbzaMBzNdEaRcCjilW/lKS+g9CwVXNoK5uTncw==",
      "dependencies": [
        "rwlock"
      ]
    },
    "pg-connection-string@2.7.0": {
      "integrity": "sha512-PI2W9mv53rXJQEOb8xNR8lH7Hr+EKa6oJa38zsK0S/ky2er16ios1wLKhZyxzD7jUReiWokc9WK5nxSnC7W1TA=="
    },
    "retry-as-promised@7.0.4": {
      "integrity": "sha512-XgmCoxKWkDofwH8WddD0w85ZfqYz+ZHlr5yo+3YUCfycWawU56T5ckWXsScsj5B8tqUcIG67DxXByo3VUgiAdA=="
    },
    "rwlock@5.0.0": {
      "integrity": "sha512-XgzRqLMfCcm9QfZuPav9cV3Xin5TRcIlp4X/SH3CvB+x5D2AakdlEepfJKDd8ByncvfpcxNWdRZVUl38PS6ZJg=="
    },
    "semver@7.6.3": {
      "integrity": "sha512-oVekP1cKtI+CTDvHWYFUcMtsK/00wmAEfyqKfNdARm8u1wNVhSgaX7A8d4UuIlUI5e84iEwOhs7ZPYRmzU9U6A=="
    },
    "sequelize-pool@7.1.0": {
      "integrity": "sha512-G9c0qlIWQSK29pR/5U2JF5dDQeqqHRragoyahj/Nx4KOOQ3CPPfzxnfqFPCSB7x5UgjOgnZ61nSxz+fjDpRlJg=="
    },
    "sequelize@6.37.5": {
      "integrity": "sha512-10WA4poUb3XWnUROThqL2Apq9C2NhyV1xHPMZuybNMCucDsbbFuKg51jhmyvvAUyUqCiimwTZamc3AHhMoBr2Q==",
      "dependencies": [
        "@types/debug",
        "@types/validator",
        "debug",
        "dottie",
        "inflection",
        "lodash",
        "moment",
        "moment-timezone",
        "pg-connection-string",
        "retry-as-promised",
        "semver",
        "sequelize-pool",
        "toposort-class",
        "uuid",
        "validator",
        "wkx"
      ]
    },
    "toposort-class@1.0.1": {
      "integrity": "sha512-OsLcGGbYF3rMjPUf8oKktyvCiUxSbqMMS39m33MAjLTC1DVIH6x3WSt63/M77ihI09+Sdfk1AXvfhCEeUmC7mg=="
    },
    "ts-mixer@6.0.4": {
      "integrity": "sha512-ufKpbmrugz5Aou4wcr5Wc1UUFWOLhq+Fm6qa6P0w0K5Qw2yhaUoiWszhCVuNQyNwrlGiscHOmqYoAox1PtvgjA=="
    },
    "tslib@2.8.1": {
      "integrity": "sha512-oJFu94HQb+KVduSUQL7wnpmqnfmLsOA/nAh6b6EH0wCEoK0/mPeXU6c3wKDV83MkOuHPRHtSXKKU99IBazS/2w=="
    },
    "undici-types@6.19.8": {
      "integrity": "sha512-ve2KP6f/JnbPBFyobGHuerC9g1FYGn/F8n1LWTwNxCEzd6IfqTwUQcNXgEtmmQ6DlRrC1hrSrBnCZPokRrDHjw=="
    },
    "undici@6.19.8": {
      "integrity": "sha512-U8uCCl2x9TK3WANvmBavymRzxbfFYG+tAu+fgx3zxQy3qdagQqBLwJVrdyO1TBfUXvfKveMKJZhpvUYoOjM+4g=="
    },
    "uuid@8.3.2": {
      "integrity": "sha512-+NYs2QeMWy+GWFOEm9xnn6HCDp0l7QBD7ml8zLUmJ+93Q5NF0NocErnwkTkXVFNiX3/fpC6afS8Dhb/gz7R7eg=="
    },
    "validator@13.12.0": {
      "integrity": "sha512-c1Q0mCiPlgdTVVVIJIrBuxNicYE+t/7oKeI9MWLj3fh/uq2Pxh/3eeWbVZ4OcGW1TUf53At0njHw5SMdA3tmMg=="
    },
    "wkx@0.5.0": {
      "integrity": "sha512-Xng/d4Ichh8uN4l0FToV/258EjMGU9MGcA0HV2d9B/ZpZB3lqQm7nkOdZdm5GhKtLLhAE7PiVQwN4eN+2YJJUg==",
      "dependencies": [
        "@types/node"
      ]
    },
    "ws@8.18.0": {
      "integrity": "sha512-8VbfWfHLbbwu3+N6OKsOMpBdT4kXPDDB9cJk2bJ6mh9ucxdlnNvH1e+roYkKmN9Nxw2yjz7VzeO9oOz2zJ04Pw=="
    }
  },
  "redirects": {
    "https://deno.land/std/json/mod.ts": "https://deno.land/std@0.224.0/json/mod.ts",
    "https://deno.land/std/yaml/mod.ts": "https://deno.land/std@0.224.0/yaml/mod.ts",
    "https://deno.land/x/base64/base64url.ts": "https://deno.land/x/base64@v0.2.1/base64url.ts",
    "https://deno.land/x/sqlite/mod.ts": "https://deno.land/x/sqlite@v3.9.1/mod.ts",
    "https://deno.land/x/std@0.63.0/log/mod.ts": "https://deno.land/std@0.63.0/log/mod.ts"
  },
  "remote": {
    "https://deno.land/std@0.224.0/json/_common.ts": "6444c6ea166514eb379f778d9216c1d8eb159f97c753aeeb1fc44cd091e30544",
    "https://deno.land/std@0.224.0/json/common.ts": "33f1a4f39a45e2f9f357823fd0b5cf88b63fb4784b8c9a28f8120f70a20b23e9",
    "https://deno.land/std@0.224.0/json/concatenated_json_parse_stream.ts": "13a707615e03e5ea93ac81e5f00420e3b7764c4e3fa88043e63bbac87ebe62ce",
    "https://deno.land/std@0.224.0/json/json_parse_stream.ts": "2740652ea73726cd0f2edc89188b35d64a1ec15dc8cf7fd87db52a0170bc182c",
    "https://deno.land/std@0.224.0/json/json_stringify_stream.ts": "269633e63d4e38ab3ba31e76a4292d11b9eb3151e26ff4f49dee1c264b4878fa",
    "https://deno.land/std@0.224.0/json/mod.ts": "acd3e39a6c68c70ee7fa93991a8a8f02d799f7394db3cef09594e2dd8fd69814",
    "https://deno.land/std@0.224.0/streams/to_transform_stream.ts": "4c4836455ef89bab9ece55975ee3a819f07d3d8b0e43101ec7f4ed033c8a2b61",
    "https://deno.land/std@0.224.0/yaml/_dumper/dumper.ts": "08b595b40841a2e1c75303f5096392323b6baf8e9662430a91e3b36fbe175fe9",
    "https://deno.land/std@0.224.0/yaml/_dumper/dumper_state.ts": "9e29f700ea876ed230b43f11fa006fcb1a62eedc1e27d32baaeaf3210f19f1e7",
    "https://deno.land/std@0.224.0/yaml/_error.ts": "f38cdebdb69cde16903d9aa2f3b8a3dd9d13e5f7f3570bf662bfaca69fef669e",
    "https://deno.land/std@0.224.0/yaml/_loader/loader.ts": "bf9e8a99770b59bc887b43ebccea108cbe9146ae32d91f7ce558d62c946d3fe3",
    "https://deno.land/std@0.224.0/yaml/_loader/loader_state.ts": "ee216de6040551940b85473c3185fdb7a6f3030b77153f87a6b7f63f82e489ea",
    "https://deno.land/std@0.224.0/yaml/_mark.ts": "61097a614857fcebf7b2ecad057916d74c90cd160117a33c9e74bac60457410a",
    "https://deno.land/std@0.224.0/yaml/_state.ts": "f3b1c1fd11860302f1f33e35e9ce089bf069d4943e8d67516cd6bedbba058c13",
    "https://deno.land/std@0.224.0/yaml/_type/binary.ts": "f1a6e1d83dcc52b21cc3639cd98be44051cfc54065cc4f2a42065bce07ebc07d",
    "https://deno.land/std@0.224.0/yaml/_type/bool.ts": "121743b23ba82a27ad6a3ec6298c7f5b0908f90e52707f8644a91f7ad51ed2ef",
    "https://deno.land/std@0.224.0/yaml/_type/float.ts": "c5ed84b0aec1ec5dc05f6abfaaff672e8890d4d44a42120b4445c9754fca4eba",
    "https://deno.land/std@0.224.0/yaml/_type/function.ts": "bbf705058942bf3370604b37eb77a10aadd72f986c237c9f69b43378a42202c1",
    "https://deno.land/std@0.224.0/yaml/_type/int.ts": "c2dc88438a60fccc8d2226042bd18b9967753adaf6bd145feb8b99d567e432ce",
    "https://deno.land/std@0.224.0/yaml/_type/map.ts": "ae2acb1cb837fb8e96c75c98611cfd45af847d0114ab5336333c318e7d4b12f4",
    "https://deno.land/std@0.224.0/yaml/_type/merge.ts": "ad0d971f91d2fb9f4ab3eba0c837eae357b1804d6b798adc99dc917bc5306b11",
    "https://deno.land/std@0.224.0/yaml/_type/mod.ts": "e8929d7b1c969a74f76338d4eb380ef8c4a26cd6441117d521f076b766e9c265",
    "https://deno.land/std@0.224.0/yaml/_type/nil.ts": "cbe4387d02d5933322c21b25d8955c5e6228c492e391a6fb82dcf4f498cc421c",
    "https://deno.land/std@0.224.0/yaml/_type/omap.ts": "cda915105ab22ba9e1d6317adacee8eec2d8ddaf864cc2f814e3e476946e72c6",
    "https://deno.land/std@0.224.0/yaml/_type/pairs.ts": "dd39bb44c1b9abaf6172c63f73350475933151f07e05253b81f7860c9b507177",
    "https://deno.land/std@0.224.0/yaml/_type/regexp.ts": "e49eb9e1c9356fd142bc15f7f323820d411fcc537b5ba3896df9a8b812d270a4",
    "https://deno.land/std@0.224.0/yaml/_type/seq.ts": "2deffc7f970869bc01a1541b4961d076329a1c2b30b95e07918f3132db7c3fe2",
    "https://deno.land/std@0.224.0/yaml/_type/set.ts": "be8a9e7237a7ffc92dfbe7f5e552d84b7eeba60f3f73cc77fc3c59d3506c74ea",
    "https://deno.land/std@0.224.0/yaml/_type/str.ts": "88f0a1ba12295520cd57e96cd78d53aa0787d53c7a1c506155f418c496c2f550",
    "https://deno.land/std@0.224.0/yaml/_type/timestamp.ts": "277a41a40fb93c3b2b3f5c373bf11b0b7856cc6a7b919e8ea130755e4029edc5",
    "https://deno.land/std@0.224.0/yaml/_type/undefined.ts": "9d215953c65740f1764e0bdca021007573473f0c49e087f00d9ff02817ecfc97",
    "https://deno.land/std@0.224.0/yaml/_utils.ts": "91bbe28b5e7000b9594e40ff5353f8fe7a7ba914eec917e1202cbaf5ac931c58",
    "https://deno.land/std@0.224.0/yaml/mod.ts": "54e9bfad77c8cd58f49b65f4d568045ff08989ed36318a2ca733a43cb6f1bc00",
    "https://deno.land/std@0.224.0/yaml/parse.ts": "f45278d9ebccb789af4eceeffa5c291e194bcf1fa9aab1b34ff52c2bd4a9d886",
    "https://deno.land/std@0.224.0/yaml/schema.ts": "a0f7956d997852b5d1c6564bd73eb7352175cfba439707ac819b65b5a2ec173a",
    "https://deno.land/std@0.224.0/yaml/schema/core.ts": "0a37c07710e3df4eb4edc02f4edf623bf8df5af72b34d8a7c0229d0bac2a7043",
    "https://deno.land/std@0.224.0/yaml/schema/default.ts": "1367fd30420c7071ecc67e5b470838474e8259aaf64460f314af4b6bd8da497c",
    "https://deno.land/std@0.224.0/yaml/schema/extended.ts": "248180c22697f37ed173057eae62ce4879865bb59f30c4908d698bed5edcc7c5",
    "https://deno.land/std@0.224.0/yaml/schema/failsafe.ts": "0ac1cae5b86d8fe2c83ad0a17f8adc33106a452b7139f84e4b0bfaee2206730e",
    "https://deno.land/std@0.224.0/yaml/schema/json.ts": "a0228a0c0bad7dece17ab848774fcadc2ccb5e51775c2d58d21d486917ba3ba1",
    "https://deno.land/std@0.224.0/yaml/schema/mod.ts": "0e1558a4823834f106675e48ddc15338e04f6f18469d1a7d6b3f0e1ab06abcb2",
    "https://deno.land/std@0.224.0/yaml/stringify.ts": "f0ed4e419cb40c807cf79ae4039d6cdf492be9a947121fff4d4b7cd1d4738bae",
    "https://deno.land/std@0.224.0/yaml/type.ts": "708dde5f20b01cc1096489b7155b6af79a217d585afb841128e78c3c2391eb5c",
    "https://deno.land/std@0.63.0/_util/assert.ts": "e1f76e77c5ccb5a8e0dbbbe6cce3a56d2556c8cb5a9a8802fc9565af72462149",
    "https://deno.land/std@0.63.0/async/deferred.ts": "ac95025f46580cf5197928ba90995d87f26e202c19ad961bc4e3177310894cdc",
    "https://deno.land/std@0.63.0/async/delay.ts": "35957d585a6e3dd87706858fb1d6b551cb278271b03f52c5a2cb70e65e00c26a",
    "https://deno.land/std@0.63.0/async/mod.ts": "39f2602a005805dd1e6b9da4ee5391b14d15e8fec4fa5494a6165c599911d746",
    "https://deno.land/std@0.63.0/async/mux_async_iterator.ts": "1352b10a5cee1821a963eb8f4f05603bd7e25f8886eaf8d1888f4b416ddccdf5",
    "https://deno.land/std@0.63.0/async/pool.ts": "a499691231d8c249f044f69d204b479ad3af7f115e0b37342829eff076bc2450",
    "https://deno.land/std@0.63.0/bytes/mod.ts": "b1a149ac741728db00bda9ce1a2d044f248edd5ac95e708a6cc501bfd3adb4a7",
    "https://deno.land/std@0.63.0/encoding/utf8.ts": "8654fa820aa69a37ec5eb11908e20b39d056c9bf1c23ab294303ff467f3d50a1",
    "https://deno.land/std@0.63.0/fmt/colors.ts": "eb606cfb06e3f03a0222f09768a9701de2dd31c1fc8fa3a939137792a472962a",
    "https://deno.land/std@0.63.0/fs/exists.ts": "5429dce6587bfcdde06a7a2a1fd5ad932c17d74ca082e67934fa646cff1d2e57",
    "https://deno.land/std@0.63.0/io/bufio.ts": "e76c5b7bf978a638aae6f62b87efde3ab7203b85902ce9b84ac8388c8c2bb104",
    "https://deno.land/std@0.63.0/log/handlers.ts": "2c4fb9dca841efb551aac78dcb64db410ca4c4e7878aff2b49806d4a95621447",
    "https://deno.land/std@0.63.0/log/levels.ts": "d274b41f2dc909c6eef4e71c8a50ccbc81ea4e1df28cb268f02942966a205593",
    "https://deno.land/std@0.63.0/log/logger.ts": "0fea81c91a0af2971293323953ee30185c1bc776abb9ac79e9062efa3126692d",
    "https://deno.land/std@0.63.0/log/mod.ts": "6d25b51c7f7f8184b69cfb68ef6177d2ea5e08b76e4c1e3297d205094feb1186",
    "https://deno.land/std@0.67.0/bytes/mod.ts": "b1a149ac741728db00bda9ce1a2d044f248edd5ac95e708a6cc501bfd3adb4a7",
    "https://deno.land/std@0.67.0/encoding/base64.ts": "79c67b8a9d911eff89cafd84749587a2851a7bb3bed4e952f6cf4c2ff97ae120",
    "https://deno.land/std@0.67.0/encoding/hex.ts": "8dc1489e66b22fec26950c7a55391b12be0d9f9a80cbc7b422700cdff85cd2f7",
    "https://deno.land/std@0.67.0/hash/_wasm/hash.ts": "005f64c4d9343ecbc91e0da9ae5e800f146c20930ad829bbb872c5c06bd89c5f",
    "https://deno.land/std@0.67.0/hash/_wasm/wasm.js": "10c91f7551443bd49b8ced10df7d5c2ce9a447d224eccc6d51f77730e074cdfe",
    "https://deno.land/std@0.67.0/hash/hasher.ts": "099c9e2a91b9f106b9f01379705e17e7d9de392ee1ea2b8684a2adfa82ac3bfc",
    "https://deno.land/std@0.67.0/hash/mod.ts": "e764a6a9ab2f5519a97f928e17cc13d984e3dd5c7f742ff9c1c8fb3114790f0c",
    "https://deno.land/std@0.69.0/_util/assert.ts": "e1f76e77c5ccb5a8e0dbbbe6cce3a56d2556c8cb5a9a8802fc9565af72462149",
    "https://deno.land/std@0.69.0/async/deferred.ts": "ac95025f46580cf5197928ba90995d87f26e202c19ad961bc4e3177310894cdc",
    "https://deno.land/std@0.69.0/bytes/mod.ts": "b1a149ac741728db00bda9ce1a2d044f248edd5ac95e708a6cc501bfd3adb4a7",
    "https://deno.land/std@0.69.0/io/bufio.ts": "e76c5b7bf978a638aae6f62b87efde3ab7203b85902ce9b84ac8388c8c2bb104",
    "https://deno.land/std@v0.63.0/_util/assert.ts": "e1f76e77c5ccb5a8e0dbbbe6cce3a56d2556c8cb5a9a8802fc9565af72462149",
    "https://deno.land/std@v0.63.0/flags/mod.ts": "11f51e7fec72bfe01d531acb4e0b0ae54115439367377b088b3c6e7e7142918f",
    "https://deno.land/std@v0.63.0/fmt/colors.ts": "eb606cfb06e3f03a0222f09768a9701de2dd31c1fc8fa3a939137792a472962a",
    "https://deno.land/std@v0.63.0/path/_constants.ts": "e11f32a36644e04dce243f3c1f30c02cc5d149827f48a755628176f0707cfc70",
    "https://deno.land/std@v0.63.0/path/_globrex.ts": "cfd1af99fb5ed2eff9b49aef994cdf7a14a5d26cd32b14c60b27bfff49839c82",
    "https://deno.land/std@v0.63.0/path/_interface.ts": "5876f91d35fd42624893a4aaddaee352144e1f46e719f1dde6511bab7c3c1029",
    "https://deno.land/std@v0.63.0/path/_util.ts": "f0fa012d40ae9b6acbef03908e534eb11e694de6470fb4d78ea4f38829e735ab",
    "https://deno.land/std@v0.63.0/path/common.ts": "e4ec66a7416d56f60331b66e27a8a4f08c7b1cf48e350271cb69754a01cf5c04",
    "https://deno.land/std@v0.63.0/path/glob.ts": "dbcda011329b5ba0f955823e578af19a8bf8d01586a07925b42affe885544e62",
    "https://deno.land/std@v0.63.0/path/mod.ts": "6de8885c2534757097818e302becd1cefcbc4c28ac022cc279e612ee04e8cfd1",
    "https://deno.land/std@v0.63.0/path/posix.ts": "1a6e53e1c90dde43750f38134ace0f6300f7330f5456b60d4979a4564fcf5f7a",
    "https://deno.land/std@v0.63.0/path/separator.ts": "9dd15d46ff84a16e13554f56af7fee1f85f8d0f379efbbe60ac066a60561f036",
    "https://deno.land/std@v0.63.0/path/win32.ts": "b530878b0f3f281c7f06fa73dc8e89a15106ab06e88ca1dea27394d09a1b0514",
    "https://deno.land/x/base64@v0.2.1/base.ts": "47dc8d68f07dc91524bdd6db36eccbe59cf4d935b5fc09f27357a3944bb3ff7b",
    "https://deno.land/x/base64@v0.2.1/base64url.ts": "18bbf879b31f1f32cca8adaa2b6885ae325c2cec6a66c5817b684ca12c46ad5e",
    "https://deno.land/x/bytes_formater@v1.3.0/deps.ts": "af15f22bec89393734d237692dc98a63b7d19e511e9de002bb919827b5acf557",
    "https://deno.land/x/bytes_formater@v1.3.0/format.ts": "397e7c5a94bce8529ce3e13f7699d042300a6bd5b86613abb16386c09e8b16db",
    "https://deno.land/x/bytes_formater@v1.3.0/mod.ts": "c6bf35303f53d74e9134eb13f666fb388fb4c62c6b12b17542bbadade250a864",
    "https://deno.land/x/checksum@1.4.0/hash.ts": "89ebbf7c57576e20462badc05bfb4a7ac01fe7668b6908cd547c79067c4221b9",
    "https://deno.land/x/checksum@1.4.0/md5.ts": "1bb0889eaec838d5c1f219e0533277fe5ea10806d022920b6f0f2f8c398fec77",
    "https://deno.land/x/checksum@1.4.0/mod.ts": "df8282cc1ecfd0f148535337c8bec077a1630e96a2012f2d19b2ca380f2c88c2",
    "https://deno.land/x/checksum@1.4.0/sha1.ts": "a608a6493694b7d734acfc4eee83e09bd9deaa4909cdac07f3eed3db427f97ae",
    "https://deno.land/x/cotton@v0.7.2/deps.ts": "cad08908d0ccda71231a2c7cbf8e2a327e09e554f8b4fb97f20c26894d4d40f6",
    "https://deno.land/x/cotton@v0.7.2/mod.ts": "4555f4011a744291ca0ce23afcf6abc212dfa81cc1958dfd82119534013f1035",
    "https://deno.land/x/cotton@v0.7.2/src/adapters/adapter.ts": "74a1fa4747e9200f9f0132ee55256f5ffd85cd617d51e190a968b7509c704189",
    "https://deno.land/x/cotton@v0.7.2/src/adapters/mysql.ts": "8b29b78838702215d7d091b5968069660d375ff813002ee1721af67dcb182c1e",
    "https://deno.land/x/cotton@v0.7.2/src/adapters/postgres.ts": "949557144d85b2bbb15b219f82549f4b41a239dfefb371c75f0452861f5a39c8",
    "https://deno.land/x/cotton@v0.7.2/src/adapters/sqlite.ts": "e186d1b13175acddbf58a73f4def43eb2b20e3cc7ebb62829357998b36b49b55",
    "https://deno.land/x/cotton@v0.7.2/src/basemodel.ts": "690e986addc6407d8572a25870bad9003fecf1da32d8a280e536f4d609bff0ab",
    "https://deno.land/x/cotton@v0.7.2/src/connect.ts": "a9d8f7eaa04245b443bd2ed7a226a3fff12ad29187c557516a8b2c247e206e5b",
    "https://deno.land/x/cotton@v0.7.2/src/constants.ts": "cc29069192348fdab6a41f189df41411fd17b64291e9461c9308eb2e250b7078",
    "https://deno.land/x/cotton@v0.7.2/src/manager.ts": "12e29fcc6044c4e6789b931ba6514318291600bb0a2d0c5e9e965d2e2f7e92e1",
    "https://deno.land/x/cotton@v0.7.2/src/migrations/columnbuilder.ts": "84adb404ba22894affdd774e3327d77161075550777634a6588df0a495edcba2",
    "https://deno.land/x/cotton@v0.7.2/src/migrations/foreign.ts": "29e4f7a1ead085d9a7085aaa4a10f85e67149a77bced0dfe4cd093b3078e1484",
    "https://deno.land/x/cotton@v0.7.2/src/migrations/migrationrunner.ts": "181652cac64d8d5e02278b318d6e858fb916337d22fa8e7d7f09e0e017819e61",
    "https://deno.land/x/cotton@v0.7.2/src/migrations/schema.ts": "2d3449ae1c78082aa5addb26ec577f1f04818a3f06c110392bd912585268054c",
    "https://deno.land/x/cotton@v0.7.2/src/migrations/tablebuilder.ts": "b60fb69441bb9f08d3b41cfbff8a0cf17aa1588e27ab9d5ef2a15ba4425e2f79",
    "https://deno.land/x/cotton@v0.7.2/src/model.ts": "05faa56be616ebc8e243db521ad72fc7dbdeaf56a177346befeced283bd28794",
    "https://deno.land/x/cotton@v0.7.2/src/modelquery.ts": "29a9ee020e7f449cff700e298cd35146ba5b1b54aa21bdaae5eeba620fb8d2ee",
    "https://deno.land/x/cotton@v0.7.2/src/q.ts": "09084f6ade6324f9ccb957d2b471e61b2f1d65c096663bccb0f987c93fd843f2",
    "https://deno.land/x/cotton@v0.7.2/src/querybuilder.ts": "75e122b0e6e2582b6be10c875a62835a972391939a296ec74865094e554b5c4f",
    "https://deno.land/x/cotton@v0.7.2/src/querycompiler.ts": "3a558b53b7c4dcc05a23d4ed2d68e72598b53e25fd3df4ea6c7efb77129282d1",
    "https://deno.land/x/cotton@v0.7.2/src/utils/array.ts": "f3a7091b4c85031996b342d3094683bf08bd915f9418a2f55847f21aa281ecd7",
    "https://deno.land/x/cotton@v0.7.2/src/utils/date.ts": "7a3847d27d51f79835e0a67dfae7994a5ce422a54cf25e6342a7cbee4e2b5f38",
    "https://deno.land/x/cotton@v0.7.2/src/utils/dialect.ts": "44b15fa6b494a7dc842ccfe49cee4cd345c6263597cae63b077076386c232f67",
    "https://deno.land/x/cotton@v0.7.2/src/utils/models.ts": "2e0796b12d098f7721c73821490c695f1f2d30eaaa991c7250a7e3ffeec9574d",
    "https://deno.land/x/cotton@v0.7.2/src/utils/number.ts": "88bb60fbce242bfd9fdec954ffb9956573b8919d1e07fb789cbd861c541d7799",
    "https://deno.land/x/cotton@v0.7.2/src/utils/reflect.ts": "c07f462aeb1f2388b60f8a47d9d0dc849cdff7cba7bf329e6ef9b38e4193fa07",
    "https://deno.land/x/mysql@v2.4.0/deps.ts": "955cb22d0b6e704c31a0949aa82442d2aa7f35ce4456752405c54ce9ee9c4525",
    "https://deno.land/x/mysql@v2.4.0/mod.ts": "a5c884fbebc952b3cfca605036cf9df4496649ee6d39496530c32859a5c75fcc",
    "https://deno.land/x/mysql@v2.4.0/src/auth.ts": "3172bb648e76be23c320c60c7697cf65f5210994c58e0ebcfc85045848b91c95",
    "https://deno.land/x/mysql@v2.4.0/src/buffer.ts": "6cd84976c4adeec0bbdea0bd5eef78677400e24a17eab6b2fc7b524720b837a9",
    "https://deno.land/x/mysql@v2.4.0/src/client.ts": "6a6b3143733632153d3109f30e2e3d207f4955abac80b7bf72333e141e93d50f",
    "https://deno.land/x/mysql@v2.4.0/src/connection.ts": "fa750255a9b714e274809700d6267b4f9412598b3c31697697368bfeba9e1d52",
    "https://deno.land/x/mysql@v2.4.0/src/constant/capabilities.ts": "55123185b562ec506f213b562f35f8dc1edb92b0007de29727d4ad482f723a0a",
    "https://deno.land/x/mysql@v2.4.0/src/constant/charset.ts": "253d7233679c774df623d1f974ebb358f3678c18fd6a623e25983311d97d959b",
    "https://deno.land/x/mysql@v2.4.0/src/constant/errors.ts": "e59d314baa6168349b9b5c85cc99ab5e941130e2896ed6ac7670de152a16cd27",
    "https://deno.land/x/mysql@v2.4.0/src/constant/mysql_types.ts": "79c50de8eb5919b897e81e2ff2366ee1ffdbb4297f711e15003bdb787bbc8e6c",
    "https://deno.land/x/mysql@v2.4.0/src/deferred.ts": "8f98034ed44386ee6a73948a2788332700c42b29d472fba78d86c4a6ef8018b2",
    "https://deno.land/x/mysql@v2.4.0/src/logger.ts": "b118c556d7c801b4e13a41e6d4dfabfab10ec73acfdb8d913faf50919536d243",
    "https://deno.land/x/mysql@v2.4.0/src/packets/builders/auth.ts": "56ddc0c769d410a30cad92f16d70b2787a32f5b76c580e043c4490f79a5c0ca5",
    "https://deno.land/x/mysql@v2.4.0/src/packets/builders/query.ts": "54f7397b7751fddbd99be8832b8c8394c4ac6cf3b7122212dcc0fe02159f1125",
    "https://deno.land/x/mysql@v2.4.0/src/packets/packet.ts": "6cdbc307c0856d4857122d44b60f9a720858613a414da41a4606ea8029757d12",
    "https://deno.land/x/mysql@v2.4.0/src/packets/parsers/err.ts": "765b935d985dbf503072d88e79e2ad89e95a64adea1b4bd8ee3a96f97802f195",
    "https://deno.land/x/mysql@v2.4.0/src/packets/parsers/handshake.ts": "91c0fd4b561e17fe4a7a48743d26c130c4060f47a09979b5403484ac85569344",
    "https://deno.land/x/mysql@v2.4.0/src/packets/parsers/result.ts": "1f867624f55007a4aeca0b98fb81a6a341af68a27a8de4451a1d0981792e12ce",
    "https://deno.land/x/postgres@v0.4.5/array_parser.ts": "abd029aa5cb094c6dfc37af69e2a744c0a30d111d1dd4271ef5b5ba6b582f7c3",
    "https://deno.land/x/postgres@v0.4.5/client.ts": "43af61797c8ac93c1a1a728c165b1828e6ecd993ed19d10a250e99a4cd28a94c",
    "https://deno.land/x/postgres@v0.4.5/connection.ts": "de030f38df50d7d8fb5dd69ed960d8ccac5ccec93d05bec29ec6bdd699c9fa7e",
    "https://deno.land/x/postgres@v0.4.5/connection_params.ts": "038b05a12c2fd2fe7d9cbad53d9f941e7aa461e8e2bfea720b986887a6bd35b9",
    "https://deno.land/x/postgres@v0.4.5/decode.ts": "a0ccc522b7556683aeec655cffe6c6fe586f40afe8972e0c599556243e7a8a95",
    "https://deno.land/x/postgres@v0.4.5/deferred.ts": "de077878ddaf09829679d08a20b94be91ceba64ce261e5f5e2bc1f621dea3b4c",
    "https://deno.land/x/postgres@v0.4.5/deps.ts": "bca1db1ce7b7576250260613ea32ccd44d0ce51df7b9f87b21780ecffc984764",
    "https://deno.land/x/postgres@v0.4.5/encode.ts": "5f490a348268cbff9af1cadba51b21a06fdc10e5480f5efef78f57b80f470e9b",
    "https://deno.land/x/postgres@v0.4.5/error.ts": "8825307428b6190123b63236bb1cc058d269a7e164b016d1c03b532c13285715",
    "https://deno.land/x/postgres@v0.4.5/mod.ts": "3b942841a2070dd08c30dd18dec099a66256e1358a2425cd334dd00faf8e68a7",
    "https://deno.land/x/postgres@v0.4.5/oid.ts": "90ff200a59195240b250c7e2b86ae95bc40a9b76f677aaa456d19d91d2698c7b",
    "https://deno.land/x/postgres@v0.4.5/packet_reader.ts": "f35ac560f349c61fd97e1216278a1f05bb4ff2910afaf34bc158460b458ccd13",
    "https://deno.land/x/postgres@v0.4.5/packet_writer.ts": "1b5a0b7371743477e8cac88d9016ecf0b3900c4393075f0efdd2cfa3f87fdbdd",
    "https://deno.land/x/postgres@v0.4.5/pool.ts": "795925a739786c34f5cc685ae5c29576726e9a957ce2ce05185707d852ae8abb",
    "https://deno.land/x/postgres@v0.4.5/query.ts": "e4d6eae2168793c07a692bdf51227a52a7bb25519aa4ca8fe96934b1acfcef2d",
    "https://deno.land/x/postgres@v0.4.5/utils.ts": "8f375b2f79d3ceabbe85842163c402cfc5a7e7bfdeff4405a9b7e2abbee4136b",
    "https://deno.land/x/sha256@v1.0.2/deps.ts": "2e1af51a48c8507017fdb057b950366601b177fb7e73d5de54c1b3e0e115d72e",
    "https://deno.land/x/sha256@v1.0.2/mod.ts": "f109aa5eeb201a0cbfaf44950b70a429838b187e8a84c5b810c1ac84953427cc",
    "https://deno.land/x/sql_builder@v1.6.0/util.ts": "ddad204b385ac21ceb7c30d4c1671cfd93ad3ace76ddf76a01d02ccc233acbc4",
    "https://deno.land/x/sqlite@v2.3.0/build/sqlite.js": "1aa88d3b75f940c1e58461c78e8d32f5a3cf04c5f8c4ca7182e0d28999d198db",
    "https://deno.land/x/sqlite@v2.3.0/build/vfs.js": "ce3b69b82a1723cad2bf06dfee774f461bcc49502a20ec8b99198ceff46cd046",
    "https://deno.land/x/sqlite@v2.3.0/mod.ts": "1fc2fdc6aca3ffa8b3f4893c2858871e1bb24ab833d1ed732eba911ad44fb495",
    "https://deno.land/x/sqlite@v2.3.0/src/constants.ts": "6032b1a8b2e6ed186460385b83750deb8e9b7b8c6ff100e450605c814585186e",
    "https://deno.land/x/sqlite@v2.3.0/src/db.ts": "3febe0aff82e3ffde58d93d1442cfe9d37fbed430928a843406e296520ebeff9",
    "https://deno.land/x/sqlite@v2.3.0/src/error.ts": "c305a89b28ab5b56e425074849c6544d23e855b92670935d9e965ee68f9a6a9e",
    "https://deno.land/x/sqlite@v2.3.0/src/row_objects.ts": "a87da69b381f48629b47739fbbaef9663c382b8fb9c6f0e396a0f2b3f9acb566",
    "https://deno.land/x/sqlite@v2.3.0/src/rows.ts": "623b67150c894bfd26b889183b439655b02992462259cf6a9fca0755427c5243",
    "https://deno.land/x/sqlite@v2.3.0/src/wasm.ts": "9747b8c4de5542f2359a35461317f08a244fe8a0933c7e279caad27a0190e6bf",
    "https://deno.land/x/sqlite@v3.9.1/build/sqlite.js": "2afc7875c7b9c85d89730c4a311ab3a304e5d1bf761fbadd8c07bbdf130f5f9b",
    "https://deno.land/x/sqlite@v3.9.1/build/vfs.js": "7f7778a9fe499cd10738d6e43867340b50b67d3e39142b0065acd51a84cd2e03",
    "https://deno.land/x/sqlite@v3.9.1/mod.ts": "e09fc79d8065fe222578114b109b1fd60077bff1bb75448532077f784f4d6a83",
    "https://deno.land/x/sqlite@v3.9.1/src/constants.ts": "90f3be047ec0a89bcb5d6fc30db121685fc82cb00b1c476124ff47a4b0472aa9",
    "https://deno.land/x/sqlite@v3.9.1/src/db.ts": "03d0c860957496eadedd86e51a6e650670764630e64f56df0092e86c90752401",
    "https://deno.land/x/sqlite@v3.9.1/src/error.ts": "f7a15cb00d7c3797da1aefee3cf86d23e0ae92e73f0ba3165496c3816ab9503a",
    "https://deno.land/x/sqlite@v3.9.1/src/function.ts": "bc778cab7a6d771f690afa27264c524d22fcb96f1bb61959ade7922c15a4ab8d",
    "https://deno.land/x/sqlite@v3.9.1/src/query.ts": "d58abda928f6582d77bad685ecf551b1be8a15e8e38403e293ec38522e030cad",
    "https://deno.land/x/sqlite@v3.9.1/src/wasm.ts": "e79d0baa6e42423257fb3c7cc98091c54399254867e0f34a09b5bdef37bd9487",
    "https://denopkg.com/chiefbiiko/std-encoding@v1.0.0/mod.ts": "4a927e5cd1d9b080d72881eb285b3b94edb6dadc1828aeb194117645f4481ac0"
  },
  "workspace": {
    "dependencies": [
      "jsr:@std/assert@1",
      "jsr:@std/yaml@1"
    ]
  }
}
